
Microsoft Visual Studio Solution File, Format Version 12.00
# Visual Studio Version 17
VisualStudioVersion = 17.2.32616.157
MinimumVisualStudioVersion = 10.0.40219.1
Project("{FAE04EC0-301F-11D3-BF4B-00C04F79EFBC}") = "HouseMS", "HouseMS\HouseMS.csproj", "{402986D1-4CE0-4BA9-BF28-6F82AD7AF010}"
EndProject
Global
	GlobalSection(SolutionConfigurationPlatforms) = preSolution
		Debug|Any CPU = Debug|Any CPU
		Release|Any CPU = Release|Any CPU
	EndGlobalSection
	GlobalSection(ProjectConfigurationPlatforms) = postSolution
		{402986D1-4CE0-4BA9-BF28-6F82AD7AF010}.Debug|Any CPU.ActiveCfg = Debug|Any CPU
		{402986D1-4CE0-4BA9-BF28-6F82AD7AF010}.Debug|Any CPU.Build.0 = Debug|Any CPU
		{402986D1-4CE0-4BA9-BF28-6F82AD7AF010}.Release|Any CPU.ActiveCfg = Release|Any CPU
		{402986D1-4CE0-4BA9-BF28-6F82AD7AF010}.Release|Any CPU.Build.0 = Release|Any CPU
	EndGlobalSection
	GlobalSection(SolutionProperties) = preSolution
		HideSolutionNode = FALSE
	EndGlobalSection
	GlobalSection(ExtensibilityGlobals) = postSolution
		SolutionGuid = {FDCBF33B-8B81-4132-BB5F-1F918A9A1FFB}
	EndGlobalSection
EndGlobal
